
Microsoft Visual Studio Solution File, Format Version 12.00
# Visual Studio Version 17
VisualStudioVersion = 17.13.35828.75 d17.13
MinimumVisualStudioVersion = 10.0.40219.1
Project("{FAE04EC0-301F-11D3-BF4B-00C04F79EFBC}") = "Mi_libreria", "Mi_libreria\Mi_libreria.csproj", "{62EC17D9-40B2-4DFB-AF9A-C98B9C976F76}"
EndProject
Global
	GlobalSection(SolutionConfigurationPlatforms) = preSolution
		Debug|Any CPU = Debug|Any CPU
		Release|Any CPU = Release|Any CPU
	EndGlobalSection
	GlobalSection(ProjectConfigurationPlatforms) = postSolution
		{62EC17D9-40B2-4DFB-AF9A-C98B9C976F76}.Debug|Any CPU.ActiveCfg = Debug|Any CPU
		{62EC17D9-40B2-4DFB-AF9A-C98B9C976F76}.Debug|Any CPU.Build.0 = Debug|Any CPU
		{62EC17D9-40B2-4DFB-AF9A-C98B9C976F76}.Release|Any CPU.ActiveCfg = Release|Any CPU
		{62EC17D9-40B2-4DFB-AF9A-C98B9C976F76}.Release|Any CPU.Build.0 = Release|Any CPU
	EndGlobalSection
	GlobalSection(SolutionProperties) = preSolution
		HideSolutionNode = FALSE
	EndGlobalSection
	GlobalSection(ExtensibilityGlobals) = postSolution
		SolutionGuid = {04B7EF57-8F56-4780-B3CB-369523C476D5}
	EndGlobalSection
EndGlobal
